
Microsoft Visual Studio Solution File, Format Version 12.00
# Visual Studio Version 17
VisualStudioVersion = 17.12.35506.116 d17.12
MinimumVisualStudioVersion = 10.0.40219.1
Project("{FAE04EC0-301F-11D3-BF4B-00C04F79EFBC}") = "OnlineStore.Server", "OnlineStore.Server\OnlineStore.Server.csproj", "{CAF17BCA-3E76-4A88-A226-989484C0A317}"
EndProject
Project("{54A90642-561A-4BB1-A94E-469ADEE60C69}") = "onlinestore.client", "onlinestore.client\onlinestore.client.esproj", "{003C1E1B-C9E2-4145-89A6-714AB60EB604}"
EndProject
Global
	GlobalSection(SolutionConfigurationPlatforms) = preSolution
		Debug|Any CPU = Debug|Any CPU
		Release|Any CPU = Release|Any CPU
	EndGlobalSection
	GlobalSection(ProjectConfigurationPlatforms) = postSolution
		{CAF17BCA-3E76-4A88-A226-989484C0A317}.Debug|Any CPU.ActiveCfg = Debug|Any CPU
		{CAF17BCA-3E76-4A88-A226-989484C0A317}.Debug|Any CPU.Build.0 = Debug|Any CPU
		{CAF17BCA-3E76-4A88-A226-989484C0A317}.Release|Any CPU.ActiveCfg = Release|Any CPU
		{CAF17BCA-3E76-4A88-A226-989484C0A317}.Release|Any CPU.Build.0 = Release|Any CPU
		{003C1E1B-C9E2-4145-89A6-714AB60EB604}.Debug|Any CPU.ActiveCfg = Debug|Any CPU
		{003C1E1B-C9E2-4145-89A6-714AB60EB604}.Debug|Any CPU.Build.0 = Debug|Any CPU
		{003C1E1B-C9E2-4145-89A6-714AB60EB604}.Debug|Any CPU.Deploy.0 = Debug|Any CPU
		{003C1E1B-C9E2-4145-89A6-714AB60EB604}.Release|Any CPU.ActiveCfg = Release|Any CPU
		{003C1E1B-C9E2-4145-89A6-714AB60EB604}.Release|Any CPU.Build.0 = Release|Any CPU
		{003C1E1B-C9E2-4145-89A6-714AB60EB604}.Release|Any CPU.Deploy.0 = Release|Any CPU
	EndGlobalSection
	GlobalSection(SolutionProperties) = preSolution
		HideSolutionNode = FALSE
	EndGlobalSection
EndGlobal
